// !$*UTF8*$!
{
	archiveVersion = 1;
	classes = {
	};
	objectVersion = 46;
	objects = {

/* Begin PBXBuildFile section */
		3FAA429465E02745B9D7FA34 /* libPods-MFMVVMRACDemo.a in Frameworks */ = {isa = PBXBuildFile; fileRef = A11D776B1204AF74B8EE6C5E /* libPods-MFMVVMRACDemo.a */; };
		A8AF00CF1DC98C25000AFF03 /* main.m in Sources */ = {isa = PBXBuildFile; fileRef = A8AF00CE1DC98C25000AFF03 /* main.m */; };
		A8AF00D21DC98C25000AFF03 /* MFAppDelegate.m in Sources */ = {isa = PBXBuildFile; fileRef = A8AF00D11DC98C25000AFF03 /* MFAppDelegate.m */; };
		A8AF00DA1DC98C25000AFF03 /* Images.xcassets in Resources */ = {isa = PBXBuildFile; fileRef = A8AF00D91DC98C25000AFF03 /* Images.xcassets */; };
		A8AF00DD1DC98C25000AFF03 /* LaunchScreen.storyboard in Resources */ = {isa = PBXBuildFile; fileRef = A8AF00DB1DC98C25000AFF03 /* LaunchScreen.storyboard */; };
/* End PBXBuildFile section */

/* Begin PBXFileReference section */
		349955A5D76E399D126D16C1 /* Pods-MFMVVMRACDemo.debug.xcconfig */ = {isa = PBXFileReference; includeInIndex = 1; lastKnownFileType = text.xcconfig; name = "Pods-MFMVVMRACDemo.debug.xcconfig"; path = "Pods/Target Support Files/Pods-MFMVVMRACDemo/Pods-MFMVVMRACDemo.debug.xcconfig"; sourceTree = "<group>"; };
		A11D776B1204AF74B8EE6C5E /* libPods-MFMVVMRACDemo.a */ = {isa = PBXFileReference; explicitFileType = archive.ar; includeInIndex = 0; path = "libPods-MFMVVMRACDemo.a"; sourceTree = BUILT_PRODUCTS_DIR; };
		A8AF00CA1DC98C25000AFF03 /* MFMVVMRACDemo.app */ = {isa = PBXFileReference; explicitFileType = wrapper.application; includeInIndex = 0; path = MFMVVMRACDemo.app; sourceTree = BUILT_PRODUCTS_DIR; };
		A8AF00CE1DC98C25000AFF03 /* main.m */ = {isa = PBXFileReference; lastKnownFileType = sourcecode.c.objc; path = main.m; sourceTree = "<group>"; };
		A8AF00D01DC98C25000AFF03 /* MFAppDelegate.h */ = {isa = PBXFileReference; lastKnownFileType = sourcecode.c.h; path = MFAppDelegate.h; sourceTree = "<group>"; };
		A8AF00D11DC98C25000AFF03 /* MFAppDelegate.m */ = {isa = PBXFileReference; lastKnownFileType = sourcecode.c.objc; path = MFAppDelegate.m; sourceTree = "<group>"; };
		A8AF00D91DC98C25000AFF03 /* Images.xcassets */ = {isa = PBXFileReference; lastKnownFileType = folder.assetcatalog; path = Images.xcassets; sourceTree = "<group>"; };
		A8AF00DC1DC98C25000AFF03 /* Base */ = {isa = PBXFileReference; lastKnownFileType = file.storyboard; name = Base; path = Base.lproj/LaunchScreen.storyboard; sourceTree = "<group>"; };
		A8AF00DE1DC98C25000AFF03 /* Info.plist */ = {isa = PBXFileReference; lastKnownFileType = text.plist.xml; path = Info.plist; sourceTree = "<group>"; };
		A8AF00E41DC98CA2000AFF03 /* MFMVVMRACDemo.pch */ = {isa = PBXFileReference; lastKnownFileType = sourcecode.c.h; path = MFMVVMRACDemo.pch; sourceTree = "<group>"; };
		E7B5F35563CDB0332B95E1CA /* Pods-MFMVVMRACDemo.release.xcconfig */ = {isa = PBXFileReference; includeInIndex = 1; lastKnownFileType = text.xcconfig; name = "Pods-MFMVVMRACDemo.release.xcconfig"; path = "Pods/Target Support Files/Pods-MFMVVMRACDemo/Pods-MFMVVMRACDemo.release.xcconfig"; sourceTree = "<group>"; };
/* End PBXFileReference section */

/* Begin PBXFrameworksBuildPhase section */
		A8AF00C71DC98C25000AFF03 /* Frameworks */ = {
			isa = PBXFrameworksBuildPhase;
			buildActionMask = 2147483647;
			files = (
				3FAA429465E02745B9D7FA34 /* libPods-MFMVVMRACDemo.a in Frameworks */,
			);
			runOnlyForDeploymentPostprocessing = 0;
		};
/* End PBXFrameworksBuildPhase section */

/* Begin PBXGroup section */
		2D8CE0DAF54D2DF5BEE548D2 /* Pods */ = {
			isa = PBXGroup;
			children = (
				349955A5D76E399D126D16C1 /* Pods-MFMVVMRACDemo.debug.xcconfig */,
				E7B5F35563CDB0332B95E1CA /* Pods-MFMVVMRACDemo.release.xcconfig */,
			);
			name = Pods;
			sourceTree = "<group>";
		};
		42C57D67EAF15F2172F1DE9D /* Frameworks */ = {
			isa = PBXGroup;
			children = (
				A11D776B1204AF74B8EE6C5E /* libPods-MFMVVMRACDemo.a */,
			);
			name = Frameworks;
			sourceTree = "<group>";
		};
		A8AF00C11DC98C25000AFF03 = {
			isa = PBXGroup;
			children = (
				A8AF00CC1DC98C25000AFF03 /* MFMVVMRACDemo */,
				A8AF00CB1DC98C25000AFF03 /* Products */,
				2D8CE0DAF54D2DF5BEE548D2 /* Pods */,
				42C57D67EAF15F2172F1DE9D /* Frameworks */,
			);
			sourceTree = "<group>";
		};
		A8AF00CB1DC98C25000AFF03 /* Products */ = {
			isa = PBXGroup;
			children = (
				A8AF00CA1DC98C25000AFF03 /* MFMVVMRACDemo.app */,
			);
			name = Products;
			sourceTree = "<group>";
		};
		A8AF00CC1DC98C25000AFF03 /* MFMVVMRACDemo */ = {
			isa = PBXGroup;
			children = (
				A8AF00D01DC98C25000AFF03 /* MFAppDelegate.h */,
				A8AF00D11DC98C25000AFF03 /* MFAppDelegate.m */,
				A8AF00EA1DC98DC0000AFF03 /* Util */,
				A8AF00E81DC98DC0000AFF03 /* Model */,
				A8AF00EB1DC98DC0000AFF03 /* View */,
				A8AF00EC1DC98DC0000AFF03 /* ViewModel */,
				A8AF00E91DC98DC0000AFF03 /* Resource */,
				A8AF00D91DC98C25000AFF03 /* Images.xcassets */,
				A8AF00DB1DC98C25000AFF03 /* LaunchScreen.storyboard */,
				A8AF00DE1DC98C25000AFF03 /* Info.plist */,
				A8AF00E41DC98CA2000AFF03 /* MFMVVMRACDemo.pch */,
				A8AF00CD1DC98C25000AFF03 /* Supporting Files */,
			);
			path = MFMVVMRACDemo;
			sourceTree = "<group>";
		};
		A8AF00CD1DC98C25000AFF03 /* Supporting Files */ = {
			isa = PBXGroup;
			children = (
				A8AF00CE1DC98C25000AFF03 /* main.m */,
			);
			name = "Supporting Files";
			sourceTree = "<group>";
		};
		A8AF00E81DC98DC0000AFF03 /* Model */ = {
			isa = PBXGroup;
			children = (
			);
			path = Model;
			sourceTree = "<group>";
		};
		A8AF00E91DC98DC0000AFF03 /* Resource */ = {
			isa = PBXGroup;
			children = (
			);
			path = Resource;
			sourceTree = "<group>";
		};
		A8AF00EA1DC98DC0000AFF03 /* Util */ = {
			isa = PBXGroup;
			children = (
			);
			path = Util;
			sourceTree = "<group>";
		};
		A8AF00EB1DC98DC0000AFF03 /* View */ = {
			isa = PBXGroup;
			children = (
			);
			path = View;
			sourceTree = "<group>";
		};
		A8AF00EC1DC98DC0000AFF03 /* ViewModel */ = {
			isa = PBXGroup;
			children = (
			);
			path = ViewModel;
			sourceTree = "<group>";
		};
/* End PBXGroup section */

/* Begin PBXNativeTarget section */
		A8AF00C91DC98C25000AFF03 /* MFMVVMRACDemo */ = {
			isa = PBXNativeTarget;
			buildConfigurationList = A8AF00E11DC98C25000AFF03 /* Build configuration list for PBXNativeTarget "MFMVVMRACDemo" */;
			buildPhases = (
				29EBCC17838B318FCD2CF31C /* [CP] Check Pods Manifest.lock */,
				A8AF00C61DC98C25000AFF03 /* Sources */,
				A8AF00C71DC98C25000AFF03 /* Frameworks */,
				A8AF00C81DC98C25000AFF03 /* Resources */,
				46D28D8C39AF392ACA37103A /* [CP] Embed Pods Frameworks */,
				BB3AD39AA0E48E9C47317FD3 /* [CP] Copy Pods Resources */,
			);
			buildRules = (
			);
			dependencies = (
			);
			name = MFMVVMRACDemo;
			productName = MFMVVMRACDemo;
			productReference = A8AF00CA1DC98C25000AFF03 /* MFMVVMRACDemo.app */;
			productType = "com.apple.product-type.application";
		};
/* End PBXNativeTarget section */

/* Begin PBXProject section */
		A8AF00C21DC98C25000AFF03 /* Project object */ = {
			isa = PBXProject;
			attributes = {
				LastUpgradeCheck = 0800;
				ORGANIZATIONNAME = "Meng Fan";
				TargetAttributes = {
					A8AF00C91DC98C25000AFF03 = {
						CreatedOnToolsVersion = 8.0;
						DevelopmentTeam = S36MBZ2R78;
						ProvisioningStyle = Automatic;
					};
				};
			};
			buildConfigurationList = A8AF00C51DC98C25000AFF03 /* Build configuration list for PBXProject "MFMVVMRACDemo" */;
			compatibilityVersion = "Xcode 3.2";
			developmentRegion = English;
			hasScannedForEncodings = 0;
			knownRegions = (
				en,
				Base,
			);
			mainGroup = A8AF00C11DC98C25000AFF03;
			productRefGroup = A8AF00CB1DC98C25000AFF03 /* Products */;
			projectDirPath = "";
			projectRoot = "";
			targets = (
				A8AF00C91DC98C25000AFF03 /* MFMVVMRACDemo */,
			);
		};
/* End PBXProject section */

/* Begin PBXResourcesBuildPhase section */
		A8AF00C81DC98C25000AFF03 /* Resources */ = {
			isa = PBXResourcesBuildPhase;
			buildActionMask = 2147483647;
			files = (
				A8AF00DD1DC98C25000AFF03 /* LaunchScreen.storyboard in Resources */,
				A8AF00DA1DC98C25000AFF03 /* Images.xcassets in Resources */,
			);
			runOnlyForDeploymentPostprocessing = 0;
		};
/* End PBXResourcesBuildPhase section */

/* Begin PBXShellScriptBuildPhase section */
		29EBCC17838B318FCD2CF31C /* [CP] Check Pods Manifest.lock */ = {
			isa = PBXShellScriptBuildPhase;
			buildActionMask = 2147483647;
			files = (
			);
			inputPaths = (
			);
			name = "[CP] Check Pods Manifest.lock";
			outputPaths = (
			);
			runOnlyForDeploymentPostprocessing = 0;
			shellPath = /bin/sh;
			shellScript = "diff \"${PODS_ROOT}/../Podfile.lock\" \"${PODS_ROOT}/Manifest.lock\" > /dev/null\nif [[ $? != 0 ]] ; then\n    cat << EOM\nerror: The sandbox is not in sync with the Podfile.lock. Run 'pod install' or update your CocoaPods installation.\nEOM\n    exit 1\nfi\n";
			showEnvVarsInLog = 0;
		};
		46D28D8C39AF392ACA37103A /* [CP] Embed Pods Frameworks */ = {
			isa = PBXShellScriptBuildPhase;
			buildActionMask = 2147483647;
			files = (
			);
			inputPaths = (
			);
			name = "[CP] Embed Pods Frameworks";
			outputPaths = (
			);
			runOnlyForDeploymentPostprocessing = 0;
			shellPath = /bin/sh;
			shellScript = "\"${SRCROOT}/Pods/Target Support Files/Pods-MFMVVMRACDemo/Pods-MFMVVMRACDemo-frameworks.sh\"\n";
			showEnvVarsInLog = 0;
		};
		BB3AD39AA0E48E9C47317FD3 /* [CP] Copy Pods Resources */ = {
			isa = PBXShellScriptBuildPhase;
			buildActionMask = 2147483647;
			files = (
			);
			inputPaths = (
			);
			name = "[CP] Copy Pods Resources";
			outputPaths = (
			);
			runOnlyForDeploymentPostprocessing = 0;
			shellPath = /bin/sh;
			shellScript = "\"${SRCROOT}/Pods/Target Support Files/Pods-MFMVVMRACDemo/Pods-MFMVVMRACDemo-resources.sh\"\n";
			showEnvVarsInLog = 0;
		};
/* End PBXShellScriptBuildPhase section */

/* Begin PBXSourcesBuildPhase section */
		A8AF00C61DC98C25000AFF03 /* Sources */ = {
			isa = PBXSourcesBuildPhase;
			buildActionMask = 2147483647;
			files = (
				A8AF00D21DC98C25000AFF03 /* MFAppDelegate.m in Sources */,
				A8AF00CF1DC98C25000AFF03 /* main.m in Sources */,
			);
			runOnlyForDeploymentPostprocessing = 0;
		};
/* End PBXSourcesBuildPhase section */

/* Begin PBXVariantGroup section */
		A8AF00DB1DC98C25000AFF03 /* LaunchScreen.storyboard */ = {
			isa = PBXVariantGroup;
			children = (
				A8AF00DC1DC98C25000AFF03 /* Base */,
			);
			name = LaunchScreen.storyboard;
			sourceTree = "<group>";
		};
/* End PBXVariantGroup section */

/* Begin XCBuildConfiguration section */
		A8AF00DF1DC98C25000AFF03 /* Debug */ = {
			isa = XCBuildConfiguration;
			buildSettings = {
				ALWAYS_SEARCH_USER_PATHS = NO;
				CLANG_ANALYZER_NONNULL = YES;
				CLANG_CXX_LANGUAGE_STANDARD = "gnu++0x";
				CLANG_CXX_LIBRARY = "libc++";
				CLANG_ENABLE_MODULES = YES;
				CLANG_ENABLE_OBJC_ARC = YES;
				CLANG_WARN_BOOL_CONVERSION = YES;
				CLANG_WARN_CONSTANT_CONVERSION = YES;
				CLANG_WARN_DIRECT_OBJC_ISA_USAGE = YES_ERROR;
				CLANG_WARN_DOCUMENTATION_COMMENTS = YES;
				CLANG_WARN_EMPTY_BODY = YES;
				CLANG_WARN_ENUM_CONVERSION = YES;
				CLANG_WARN_INFINITE_RECURSION = YES;
				CLANG_WARN_INT_CONVERSION = YES;
				CLANG_WARN_OBJC_ROOT_CLASS = YES_ERROR;
				CLANG_WARN_SUSPICIOUS_MOVES = YES;
				CLANG_WARN_UNREACHABLE_CODE = YES;
				CLANG_WARN__DUPLICATE_METHOD_MATCH = YES;
				"CODE_SIGN_IDENTITY[sdk=iphoneos*]" = "iPhone Developer";
				COPY_PHASE_STRIP = NO;
				DEBUG_INFORMATION_FORMAT = dwarf;
				ENABLE_STRICT_OBJC_MSGSEND = YES;
				ENABLE_TESTABILITY = YES;
				GCC_C_LANGUAGE_STANDARD = gnu99;
				GCC_DYNAMIC_NO_PIC = NO;
				GCC_NO_COMMON_BLOCKS = YES;
				GCC_OPTIMIZATION_LEVEL = 0;
				GCC_PREPROCESSOR_DEFINITIONS = (
					"DEBUG=1",
					"$(inherited)",
				);
				GCC_WARN_64_TO_32_BIT_CONVERSION = YES;
				GCC_WARN_ABOUT_RETURN_TYPE = YES_ERROR;
				GCC_WARN_UNDECLARED_SELECTOR = YES;
				GCC_WARN_UNINITIALIZED_AUTOS = YES_AGGRESSIVE;
				GCC_WARN_UNUSED_FUNCTION = YES;
				GCC_WARN_UNUSED_VARIABLE = YES;
				IPHONEOS_DEPLOYMENT_TARGET = 10.0;
				MTL_ENABLE_DEBUG_INFO = YES;
				ONLY_ACTIVE_ARCH = YES;
				SDKROOT = iphoneos;
				TARGETED_DEVICE_FAMILY = "1,2";
			};
			name = Debug;
		};
		A8AF00E01DC98C25000AFF03 /* Release */ = {
			isa = XCBuildConfiguration;
			buildSettings = {
				ALWAYS_SEARCH_USER_PATHS = NO;
				CLANG_ANALYZER_NONNULL = YES;
				CLANG_CXX_LANGUAGE_STANDARD = "gnu++0x";
				CLANG_CXX_LIBRARY = "libc++";
				CLANG_ENABLE_MODULES = YES;
				CLANG_ENABLE_OBJC_ARC = YES;
				CLANG_WARN_BOOL_CONVERSION = YES;
				CLANG_WARN_CONSTANT_CONVERSION = YES;
				CLANG_WARN_DIRECT_OBJC_ISA_USAGE = YES_ERROR;
				CLANG_WARN_DOCUMENTATION_COMMENTS = YES;
				CLANG_WARN_EMPTY_BODY = YES;
				CLANG_WARN_ENUM_CONVERSION = YES;
				CLANG_WARN_INFINITE_RECURSION = YES;
				CLANG_WARN_INT_CONVERSION = YES;
				CLANG_WARN_OBJC_ROOT_CLASS = YES_ERROR;
				CLANG_WARN_SUSPICIOUS_MOVES = YES;
				CLANG_WARN_UNREACHABLE_CODE = YES;
				CLANG_WARN__DUPLICATE_METHOD_MATCH = YES;
				"CODE_SIGN_IDENTITY[sdk=iphoneos*]" = "iPhone Developer";
				COPY_PHASE_STRIP = NO;
				DEBUG_INFORMATION_FORMAT = "dwarf-with-dsym";
				ENABLE_NS_ASSERTIONS = NO;
				ENABLE_STRICT_OBJC_MSGSEND = YES;
				GCC_C_LANGUAGE_STANDARD = gnu99;
				GCC_NO_COMMON_BLOCKS = YES;
				GCC_WARN_64_TO_32_BIT_CONVERSION = YES;
				GCC_WARN_ABOUT_RETURN_TYPE = YES_ERROR;
				GCC_WARN_UNDECLARED_SELECTOR = YES;
				GCC_WARN_UNINITIALIZED_AUTOS = YES_AGGRESSIVE;
				GCC_WARN_UNUSED_FUNCTION = YES;
				GCC_WARN_UNUSED_VARIABLE = YES;
				IPHONEOS_DEPLOYMENT_TARGET = 10.0;
				MTL_ENABLE_DEBUG_INFO = NO;
				SDKROOT = iphoneos;
				TARGETED_DEVICE_FAMILY = "1,2";
				VALIDATE_PRODUCT = YES;
			};
			name = Release;
		};
		A8AF00E21DC98C25000AFF03 /* Debug */ = {
			isa = XCBuildConfiguration;
			baseConfigurationReference = 349955A5D76E399D126D16C1 /* Pods-MFMVVMRACDemo.debug.xcconfig */;
			buildSettings = {
				ASSETCATALOG_COMPILER_APPICON_NAME = AppIcon;
				DEVELOPMENT_TEAM = S36MBZ2R78;
				GCC_PREFIX_HEADER = "$(SRCROOT)/MFMVVMRACDemo/MFMVVMRACDemo.pch";
				INFOPLIST_FILE = MFMVVMRACDemo/Info.plist;
				IPHONEOS_DEPLOYMENT_TARGET = 8.0;
				LD_RUNPATH_SEARCH_PATHS = "$(inherited) @executable_path/Frameworks";
				PRODUCT_BUNDLE_IDENTIFIER = com.dk.MFMVVMRACDemo;
				PRODUCT_NAME = "$(TARGET_NAME)";
				TARGETED_DEVICE_FAMILY = 1;
			};
			name = Debug;
		};
		A8AF00E31DC98C25000AFF03 /* Release */ = {
			isa = XCBuildConfiguration;
			baseConfigurationReference = E7B5F35563CDB0332B95E1CA /* Pods-MFMVVMRACDemo.release.xcconfig */;
			buildSettings = {
				ASSETCATALOG_COMPILER_APPICON_NAME = AppIcon;
				DEVELOPMENT_TEAM = S36MBZ2R78;
				GCC_PREFIX_HEADER = "$(SRCROOT)/MFMVVMRACDemo/MFMVVMRACDemo.pch";
				INFOPLIST_FILE = MFMVVMRACDemo/Info.plist;
				IPHONEOS_DEPLOYMENT_TARGET = 8.0;
				LD_RUNPATH_SEARCH_PATHS = "$(inherited) @executable_path/Frameworks";
				PRODUCT_BUNDLE_IDENTIFIER = com.dk.MFMVVMRACDemo;
				PRODUCT_NAME = "$(TARGET_NAME)";
				TARGETED_DEVICE_FAMILY = 1;
			};
			name = Release;
		};
/* End XCBuildConfiguration section */

/* Begin XCConfigurationList section */
		A8AF00C51DC98C25000AFF03 /* Build configuration list for PBXProject "MFMVVMRACDemo" */ = {
			isa = XCConfigurationList;
			buildConfigurations = (
				A8AF00DF1DC98C25000AFF03 /* Debug */,
				A8AF00E01DC98C25000AFF03 /* Release */,
			);
			defaultConfigurationIsVisible = 0;
			defaultConfigurationName = Release;
		};
		A8AF00E11DC98C25000AFF03 /* Build configuration list for PBXNativeTarget "MFMVVMRACDemo" */ = {
			isa = XCConfigurationList;
			buildConfigurations = (
				A8AF00E21DC98C25000AFF03 /* Debug */,
				A8AF00E31DC98C25000AFF03 /* Release */,
			);
			defaultConfigurationIsVisible = 0;
			defaultConfigurationName = Release;
		};
/* End XCConfigurationList section */
	};
	rootObject = A8AF00C21DC98C25000AFF03 /* Project object */;
}
